// !$*UTF8*$!
{
	archiveVersion = 1;
	classes = {
	};
	objectVersion = 56;
	objects = {

/* Begin PBXBuildFile section */
		010CD60E2934A2FA0012F8DE /* CurrentMapView.swift in Sources */ = {isa = PBXBuildFile; fileRef = 010CD60D2934A2FA0012F8DE /* CurrentMapView.swift */; };
		014DAB74292A7C73007D8D78 /* ButtonLoginView.swift in Sources */ = {isa = PBXBuildFile; fileRef = 014DAB73292A7C73007D8D78 /* ButtonLoginView.swift */; };
		014DAB76292A7D1E007D8D78 /* LinkView.swift in Sources */ = {isa = PBXBuildFile; fileRef = 014DAB75292A7D1E007D8D78 /* LinkView.swift */; };
		014DAB78292A7EA1007D8D78 /* Login.swift in Sources */ = {isa = PBXBuildFile; fileRef = 014DAB77292A7EA1007D8D78 /* Login.swift */; };
		014DAB7A292A80A9007D8D78 /* Network.swift in Sources */ = {isa = PBXBuildFile; fileRef = 014DAB79292A80A9007D8D78 /* Network.swift */; };
		014DAB7C292A88ED007D8D78 /* LoginHeader.swift in Sources */ = {isa = PBXBuildFile; fileRef = 014DAB7B292A88ED007D8D78 /* LoginHeader.swift */; };
		014DAB7E292A8F78007D8D78 /* LoginViewModel.swift in Sources */ = {isa = PBXBuildFile; fileRef = 014DAB7D292A8F78007D8D78 /* LoginViewModel.swift */; };
		0152F302292D27BF0011F7BB /* HeaderView.swift in Sources */ = {isa = PBXBuildFile; fileRef = 0152F301292D27BF0011F7BB /* HeaderView.swift */; };
		0152F304292D29A70011F7BB /* StudentLocation.swift in Sources */ = {isa = PBXBuildFile; fileRef = 0152F303292D29A70011F7BB /* StudentLocation.swift */; };
		0152F306292D29F90011F7BB /* MapViewModel.swift in Sources */ = {isa = PBXBuildFile; fileRef = 0152F305292D29F90011F7BB /* MapViewModel.swift */; };
		015FFF6929292B4500CF94B2 /* OnTheMapApp.swift in Sources */ = {isa = PBXBuildFile; fileRef = 015FFF6829292B4500CF94B2 /* OnTheMapApp.swift */; };
		015FFF6B29292B4500CF94B2 /* LoginView.swift in Sources */ = {isa = PBXBuildFile; fileRef = 015FFF6A29292B4500CF94B2 /* LoginView.swift */; };
		015FFF6D29292B4500CF94B2 /* Assets.xcassets in Resources */ = {isa = PBXBuildFile; fileRef = 015FFF6C29292B4500CF94B2 /* Assets.xcassets */; };
		015FFF7029292B4500CF94B2 /* Preview Assets.xcassets in Resources */ = {isa = PBXBuildFile; fileRef = 015FFF6F29292B4500CF94B2 /* Preview Assets.xcassets */; };
		017770CE293BC202001FA9D6 /* StudentAnnotationView.swift in Sources */ = {isa = PBXBuildFile; fileRef = 017770CD293BC202001FA9D6 /* StudentAnnotationView.swift */; };
		0184E0AD29320ABC0067A812 /* OnTheMapViewModifier.swift in Sources */ = {isa = PBXBuildFile; fileRef = 0184E0AC29320ABC0067A812 /* OnTheMapViewModifier.swift */; };
		0184E0B0293213A90067A812 /* OnTheMap+Extension.swift in Sources */ = {isa = PBXBuildFile; fileRef = 0184E0AF293213A90067A812 /* OnTheMap+Extension.swift */; };
		01AE8E93292CB209005A5264 /* MainView.swift in Sources */ = {isa = PBXBuildFile; fileRef = 01AE8E92292CB209005A5264 /* MainView.swift */; };
		01AE8E95292CB29E005A5264 /* MapView.swift in Sources */ = {isa = PBXBuildFile; fileRef = 01AE8E94292CB29E005A5264 /* MapView.swift */; };
		01AE8E97292CB2F0005A5264 /* ListView.swift in Sources */ = {isa = PBXBuildFile; fileRef = 01AE8E96292CB2F0005A5264 /* ListView.swift */; };
		01B5102329373608002F0E4A /* SearchButtonView.swift in Sources */ = {isa = PBXBuildFile; fileRef = 01B5102229373608002F0E4A /* SearchButtonView.swift */; };
		01CB93A1293F3C1200803ED6 /* Logout.swift in Sources */ = {isa = PBXBuildFile; fileRef = 01CB93A0293F3C1200803ED6 /* Logout.swift */; };
		01CB93A3293F3F6A00803ED6 /* HeaderViewModel.swift in Sources */ = {isa = PBXBuildFile; fileRef = 01CB93A2293F3F6A00803ED6 /* HeaderViewModel.swift */; };
		01CB93A5293F45CE00803ED6 /* UpdateStudent.swift in Sources */ = {isa = PBXBuildFile; fileRef = 01CB93A4293F45CE00803ED6 /* UpdateStudent.swift */; };
		01CB93A7293F4C7400803ED6 /* StudentInformation.swift in Sources */ = {isa = PBXBuildFile; fileRef = 01CB93A6293F4C7400803ED6 /* StudentInformation.swift */; };
		01E606E92930AFCC0081FFE5 /* StudentView.swift in Sources */ = {isa = PBXBuildFile; fileRef = 01E606E82930AFCC0081FFE5 /* StudentView.swift */; };
		01F231AB2931053B00BC2D27 /* StudentViewModel.swift in Sources */ = {isa = PBXBuildFile; fileRef = 01F231AA2931053B00BC2D27 /* StudentViewModel.swift */; };
/* End PBXBuildFile section */

/* Begin PBXFileReference section */
		010CD60D2934A2FA0012F8DE /* CurrentMapView.swift */ = {isa = PBXFileReference; lastKnownFileType = sourcecode.swift; path = CurrentMapView.swift; sourceTree = "<group>"; };
		014DAB73292A7C73007D8D78 /* ButtonLoginView.swift */ = {isa = PBXFileReference; lastKnownFileType = sourcecode.swift; path = ButtonLoginView.swift; sourceTree = "<group>"; };
		014DAB75292A7D1E007D8D78 /* LinkView.swift */ = {isa = PBXFileReference; lastKnownFileType = sourcecode.swift; path = LinkView.swift; sourceTree = "<group>"; };
		014DAB77292A7EA1007D8D78 /* Login.swift */ = {isa = PBXFileReference; lastKnownFileType = sourcecode.swift; path = Login.swift; sourceTree = "<group>"; };
		014DAB79292A80A9007D8D78 /* Network.swift */ = {isa = PBXFileReference; lastKnownFileType = sourcecode.swift; path = Network.swift; sourceTree = "<group>"; };
		014DAB7B292A88ED007D8D78 /* LoginHeader.swift */ = {isa = PBXFileReference; lastKnownFileType = sourcecode.swift; path = LoginHeader.swift; sourceTree = "<group>"; };
		014DAB7D292A8F78007D8D78 /* LoginViewModel.swift */ = {isa = PBXFileReference; lastKnownFileType = sourcecode.swift; path = LoginViewModel.swift; sourceTree = "<group>"; };
		0152F301292D27BF0011F7BB /* HeaderView.swift */ = {isa = PBXFileReference; lastKnownFileType = sourcecode.swift; path = HeaderView.swift; sourceTree = "<group>"; };
		0152F303292D29A70011F7BB /* StudentLocation.swift */ = {isa = PBXFileReference; lastKnownFileType = sourcecode.swift; path = StudentLocation.swift; sourceTree = "<group>"; };
		0152F305292D29F90011F7BB /* MapViewModel.swift */ = {isa = PBXFileReference; lastKnownFileType = sourcecode.swift; path = MapViewModel.swift; sourceTree = "<group>"; };
		015FFF6529292B4500CF94B2 /* OnTheMap.app */ = {isa = PBXFileReference; explicitFileType = wrapper.application; includeInIndex = 0; path = OnTheMap.app; sourceTree = BUILT_PRODUCTS_DIR; };
		015FFF6829292B4500CF94B2 /* OnTheMapApp.swift */ = {isa = PBXFileReference; lastKnownFileType = sourcecode.swift; path = OnTheMapApp.swift; sourceTree = "<group>"; };
		015FFF6A29292B4500CF94B2 /* LoginView.swift */ = {isa = PBXFileReference; lastKnownFileType = sourcecode.swift; path = LoginView.swift; sourceTree = "<group>"; };
		015FFF6C29292B4500CF94B2 /* Assets.xcassets */ = {isa = PBXFileReference; lastKnownFileType = folder.assetcatalog; path = Assets.xcassets; sourceTree = "<group>"; };
		015FFF6F29292B4500CF94B2 /* Preview Assets.xcassets */ = {isa = PBXFileReference; lastKnownFileType = folder.assetcatalog; path = "Preview Assets.xcassets"; sourceTree = "<group>"; };
		017770CD293BC202001FA9D6 /* StudentAnnotationView.swift */ = {isa = PBXFileReference; lastKnownFileType = sourcecode.swift; path = StudentAnnotationView.swift; sourceTree = "<group>"; };
		0184E0AC29320ABC0067A812 /* OnTheMapViewModifier.swift */ = {isa = PBXFileReference; lastKnownFileType = sourcecode.swift; path = OnTheMapViewModifier.swift; sourceTree = "<group>"; };
		0184E0AF293213A90067A812 /* OnTheMap+Extension.swift */ = {isa = PBXFileReference; lastKnownFileType = sourcecode.swift; path = "OnTheMap+Extension.swift"; sourceTree = "<group>"; };
		01AE8E92292CB209005A5264 /* MainView.swift */ = {isa = PBXFileReference; lastKnownFileType = sourcecode.swift; path = MainView.swift; sourceTree = "<group>"; };
		01AE8E94292CB29E005A5264 /* MapView.swift */ = {isa = PBXFileReference; lastKnownFileType = sourcecode.swift; path = MapView.swift; sourceTree = "<group>"; };
		01AE8E96292CB2F0005A5264 /* ListView.swift */ = {isa = PBXFileReference; lastKnownFileType = sourcecode.swift; path = ListView.swift; sourceTree = "<group>"; };
		01B5102229373608002F0E4A /* SearchButtonView.swift */ = {isa = PBXFileReference; lastKnownFileType = sourcecode.swift; path = SearchButtonView.swift; sourceTree = "<group>"; };
		01CB93A0293F3C1200803ED6 /* Logout.swift */ = {isa = PBXFileReference; lastKnownFileType = sourcecode.swift; path = Logout.swift; sourceTree = "<group>"; };
		01CB93A2293F3F6A00803ED6 /* HeaderViewModel.swift */ = {isa = PBXFileReference; lastKnownFileType = sourcecode.swift; path = HeaderViewModel.swift; sourceTree = "<group>"; };
		01CB93A4293F45CE00803ED6 /* UpdateStudent.swift */ = {isa = PBXFileReference; lastKnownFileType = sourcecode.swift; path = UpdateStudent.swift; sourceTree = "<group>"; };
		01CB93A6293F4C7400803ED6 /* StudentInformation.swift */ = {isa = PBXFileReference; lastKnownFileType = sourcecode.swift; path = StudentInformation.swift; sourceTree = "<group>"; };
		01E606E82930AFCC0081FFE5 /* StudentView.swift */ = {isa = PBXFileReference; lastKnownFileType = sourcecode.swift; path = StudentView.swift; sourceTree = "<group>"; };
		01F231AA2931053B00BC2D27 /* StudentViewModel.swift */ = {isa = PBXFileReference; lastKnownFileType = sourcecode.swift; path = StudentViewModel.swift; sourceTree = "<group>"; };
/* End PBXFileReference section */

/* Begin PBXFrameworksBuildPhase section */
		015FFF6229292B4500CF94B2 /* Frameworks */ = {
			isa = PBXFrameworksBuildPhase;
			buildActionMask = 2147483647;
			files = (
			);
			runOnlyForDeploymentPostprocessing = 0;
		};
/* End PBXFrameworksBuildPhase section */

/* Begin PBXGroup section */
		015FFF5C29292B4500CF94B2 = {
			isa = PBXGroup;
			children = (
				015FFF6729292B4500CF94B2 /* OnTheMap */,
				015FFF6629292B4500CF94B2 /* Products */,
			);
			sourceTree = "<group>";
		};
		015FFF6629292B4500CF94B2 /* Products */ = {
			isa = PBXGroup;
			children = (
				015FFF6529292B4500CF94B2 /* OnTheMap.app */,
			);
			name = Products;
			sourceTree = "<group>";
		};
		015FFF6729292B4500CF94B2 /* OnTheMap */ = {
			isa = PBXGroup;
			children = (
				0184E0AE2932138F0067A812 /* Extension */,
				01F51EA629293279002EA31F /* Service */,
				01F51EA529293271002EA31F /* Model */,
				01F51EA42929325F002EA31F /* ViewModel */,
				01F51EA329293256002EA31F /* View */,
				015FFF6E29292B4500CF94B2 /* Preview Content */,
			);
			path = OnTheMap;
			sourceTree = "<group>";
		};
		015FFF6E29292B4500CF94B2 /* Preview Content */ = {
			isa = PBXGroup;
			children = (
				015FFF6F29292B4500CF94B2 /* Preview Assets.xcassets */,
			);
			path = "Preview Content";
			sourceTree = "<group>";
		};
		0184E0AB29320A830067A812 /* ViewModifier */ = {
			isa = PBXGroup;
			children = (
				0184E0AC29320ABC0067A812 /* OnTheMapViewModifier.swift */,
			);
			path = ViewModifier;
			sourceTree = "<group>";
		};
		0184E0AE2932138F0067A812 /* Extension */ = {
			isa = PBXGroup;
			children = (
				0184E0AF293213A90067A812 /* OnTheMap+Extension.swift */,
			);
			path = Extension;
			sourceTree = "<group>";
		};
		01AE8E90292CB1C7005A5264 /* LoginView */ = {
			isa = PBXGroup;
			children = (
				014DAB73292A7C73007D8D78 /* ButtonLoginView.swift */,
				014DAB75292A7D1E007D8D78 /* LinkView.swift */,
				014DAB7B292A88ED007D8D78 /* LoginHeader.swift */,
				015FFF6A29292B4500CF94B2 /* LoginView.swift */,
			);
			path = LoginView;
			sourceTree = "<group>";
		};
		01AE8E91292CB1DD005A5264 /* MainView */ = {
			isa = PBXGroup;
			children = (
				01AE8E92292CB209005A5264 /* MainView.swift */,
				01AE8E94292CB29E005A5264 /* MapView.swift */,
				01AE8E96292CB2F0005A5264 /* ListView.swift */,
				0152F301292D27BF0011F7BB /* HeaderView.swift */,
				017770CD293BC202001FA9D6 /* StudentAnnotationView.swift */,
			);
			path = MainView;
			sourceTree = "<group>";
		};
		01E606E72930AF910081FFE5 /* StudentView */ = {
			isa = PBXGroup;
			children = (
				01E606E82930AFCC0081FFE5 /* StudentView.swift */,
				010CD60D2934A2FA0012F8DE /* CurrentMapView.swift */,
				01B5102229373608002F0E4A /* SearchButtonView.swift */,
			);
			path = StudentView;
			sourceTree = "<group>";
		};
		01F51EA329293256002EA31F /* View */ = {
			isa = PBXGroup;
			children = (
				0184E0AB29320A830067A812 /* ViewModifier */,
				01E606E72930AF910081FFE5 /* StudentView */,
				01AE8E91292CB1DD005A5264 /* MainView */,
				01AE8E90292CB1C7005A5264 /* LoginView */,
				015FFF6829292B4500CF94B2 /* OnTheMapApp.swift */,
				015FFF6C29292B4500CF94B2 /* Assets.xcassets */,
			);
			path = View;
			sourceTree = "<group>";
		};
		01F51EA42929325F002EA31F /* ViewModel */ = {
			isa = PBXGroup;
			children = (
				014DAB7D292A8F78007D8D78 /* LoginViewModel.swift */,
				0152F305292D29F90011F7BB /* MapViewModel.swift */,
				01F231AA2931053B00BC2D27 /* StudentViewModel.swift */,
				01CB93A2293F3F6A00803ED6 /* HeaderViewModel.swift */,
			);
			path = ViewModel;
			sourceTree = "<group>";
		};
		01F51EA529293271002EA31F /* Model */ = {
			isa = PBXGroup;
			children = (
				014DAB77292A7EA1007D8D78 /* Login.swift */,
				0152F303292D29A70011F7BB /* StudentLocation.swift */,
				01CB93A0293F3C1200803ED6 /* Logout.swift */,
				01CB93A4293F45CE00803ED6 /* UpdateStudent.swift */,
				01CB93A6293F4C7400803ED6 /* StudentInformation.swift */,
			);
			path = Model;
			sourceTree = "<group>";
		};
		01F51EA629293279002EA31F /* Service */ = {
			isa = PBXGroup;
			children = (
				014DAB79292A80A9007D8D78 /* Network.swift */,
			);
			path = Service;
			sourceTree = "<group>";
		};
/* End PBXGroup section */

/* Begin PBXNativeTarget section */
		015FFF6429292B4500CF94B2 /* OnTheMap */ = {
			isa = PBXNativeTarget;
			buildConfigurationList = 015FFF7329292B4500CF94B2 /* Build configuration list for PBXNativeTarget "OnTheMap" */;
			buildPhases = (
				015FFF6129292B4500CF94B2 /* Sources */,
				015FFF6229292B4500CF94B2 /* Frameworks */,
				015FFF6329292B4500CF94B2 /* Resources */,
			);
			buildRules = (
			);
			dependencies = (
			);
			name = OnTheMap;
			productName = OnTheMap;
			productReference = 015FFF6529292B4500CF94B2 /* OnTheMap.app */;
			productType = "com.apple.product-type.application";
		};
/* End PBXNativeTarget section */

/* Begin PBXProject section */
		015FFF5D29292B4500CF94B2 /* Project object */ = {
			isa = PBXProject;
			attributes = {
				BuildIndependentTargetsInParallel = 1;
				LastSwiftUpdateCheck = 1410;
				LastUpgradeCheck = 1410;
				TargetAttributes = {
					015FFF6429292B4500CF94B2 = {
						CreatedOnToolsVersion = 14.1;
					};
				};
			};
			buildConfigurationList = 015FFF6029292B4500CF94B2 /* Build configuration list for PBXProject "OnTheMap" */;
			compatibilityVersion = "Xcode 14.0";
			developmentRegion = en;
			hasScannedForEncodings = 0;
			knownRegions = (
				en,
				Base,
			);
			mainGroup = 015FFF5C29292B4500CF94B2;
			productRefGroup = 015FFF6629292B4500CF94B2 /* Products */;
			projectDirPath = "";
			projectRoot = "";
			targets = (
				015FFF6429292B4500CF94B2 /* OnTheMap */,
			);
		};
/* End PBXProject section */

/* Begin PBXResourcesBuildPhase section */
		015FFF6329292B4500CF94B2 /* Resources */ = {
			isa = PBXResourcesBuildPhase;
			buildActionMask = 2147483647;
			files = (
				015FFF7029292B4500CF94B2 /* Preview Assets.xcassets in Resources */,
				015FFF6D29292B4500CF94B2 /* Assets.xcassets in Resources */,
			);
			runOnlyForDeploymentPostprocessing = 0;
		};
/* End PBXResourcesBuildPhase section */

/* Begin PBXSourcesBuildPhase section */
		015FFF6129292B4500CF94B2 /* Sources */ = {
			isa = PBXSourcesBuildPhase;
			buildActionMask = 2147483647;
			files = (
				015FFF6B29292B4500CF94B2 /* LoginView.swift in Sources */,
				0152F304292D29A70011F7BB /* StudentLocation.swift in Sources */,
				01B5102329373608002F0E4A /* SearchButtonView.swift in Sources */,
				01CB93A7293F4C7400803ED6 /* StudentInformation.swift in Sources */,
				01CB93A1293F3C1200803ED6 /* Logout.swift in Sources */,
				01CB93A3293F3F6A00803ED6 /* HeaderViewModel.swift in Sources */,
				01AE8E93292CB209005A5264 /* MainView.swift in Sources */,
				014DAB7C292A88ED007D8D78 /* LoginHeader.swift in Sources */,
				01F231AB2931053B00BC2D27 /* StudentViewModel.swift in Sources */,
				010CD60E2934A2FA0012F8DE /* CurrentMapView.swift in Sources */,
				014DAB78292A7EA1007D8D78 /* Login.swift in Sources */,
				014DAB7A292A80A9007D8D78 /* Network.swift in Sources */,
				0184E0B0293213A90067A812 /* OnTheMap+Extension.swift in Sources */,
				017770CE293BC202001FA9D6 /* StudentAnnotationView.swift in Sources */,
				014DAB7E292A8F78007D8D78 /* LoginViewModel.swift in Sources */,
				015FFF6929292B4500CF94B2 /* OnTheMapApp.swift in Sources */,
				0152F302292D27BF0011F7BB /* HeaderView.swift in Sources */,
				01AE8E95292CB29E005A5264 /* MapView.swift in Sources */,
				01AE8E97292CB2F0005A5264 /* ListView.swift in Sources */,
				01CB93A5293F45CE00803ED6 /* UpdateStudent.swift in Sources */,
				0152F306292D29F90011F7BB /* MapViewModel.swift in Sources */,
				014DAB76292A7D1E007D8D78 /* LinkView.swift in Sources */,
				01E606E92930AFCC0081FFE5 /* StudentView.swift in Sources */,
				014DAB74292A7C73007D8D78 /* ButtonLoginView.swift in Sources */,
				0184E0AD29320ABC0067A812 /* OnTheMapViewModifier.swift in Sources */,
			);
			runOnlyForDeploymentPostprocessing = 0;
		};
/* End PBXSourcesBuildPhase section */

/* Begin XCBuildConfiguration section */
		015FFF7129292B4500CF94B2 /* Debug */ = {
			isa = XCBuildConfiguration;
			buildSettings = {
				ALWAYS_SEARCH_USER_PATHS = NO;
				CLANG_ANALYZER_NONNULL = YES;
				CLANG_ANALYZER_NUMBER_OBJECT_CONVERSION = YES_AGGRESSIVE;
				CLANG_CXX_LANGUAGE_STANDARD = "gnu++20";
				CLANG_ENABLE_MODULES = YES;
				CLANG_ENABLE_OBJC_ARC = YES;
				CLANG_ENABLE_OBJC_WEAK = YES;
				CLANG_WARN_BLOCK_CAPTURE_AUTORELEASING = YES;
				CLANG_WARN_BOOL_CONVERSION = YES;
				CLANG_WARN_COMMA = YES;
				CLANG_WARN_CONSTANT_CONVERSION = YES;
				CLANG_WARN_DEPRECATED_OBJC_IMPLEMENTATIONS = YES;
				CLANG_WARN_DIRECT_OBJC_ISA_USAGE = YES_ERROR;
				CLANG_WARN_DOCUMENTATION_COMMENTS = YES;
				CLANG_WARN_EMPTY_BODY = YES;
				CLANG_WARN_ENUM_CONVERSION = YES;
				CLANG_WARN_INFINITE_RECURSION = YES;
				CLANG_WARN_INT_CONVERSION = YES;
				CLANG_WARN_NON_LITERAL_NULL_CONVERSION = YES;
				CLANG_WARN_OBJC_IMPLICIT_RETAIN_SELF = YES;
				CLANG_WARN_OBJC_LITERAL_CONVERSION = YES;
				CLANG_WARN_OBJC_ROOT_CLASS = YES_ERROR;
				CLANG_WARN_QUOTED_INCLUDE_IN_FRAMEWORK_HEADER = YES;
				CLANG_WARN_RANGE_LOOP_ANALYSIS = YES;
				CLANG_WARN_STRICT_PROTOTYPES = YES;
				CLANG_WARN_SUSPICIOUS_MOVE = YES;
				CLANG_WARN_UNGUARDED_AVAILABILITY = YES_AGGRESSIVE;
				CLANG_WARN_UNREACHABLE_CODE = YES;
				CLANG_WARN__DUPLICATE_METHOD_MATCH = YES;
				COPY_PHASE_STRIP = NO;
				DEBUG_INFORMATION_FORMAT = dwarf;
				ENABLE_STRICT_OBJC_MSGSEND = YES;
				ENABLE_TESTABILITY = YES;
				GCC_C_LANGUAGE_STANDARD = gnu11;
				GCC_DYNAMIC_NO_PIC = NO;
				GCC_NO_COMMON_BLOCKS = YES;
				GCC_OPTIMIZATION_LEVEL = 0;
				GCC_PREPROCESSOR_DEFINITIONS = (
					"DEBUG=1",
					"$(inherited)",
				);
				GCC_WARN_64_TO_32_BIT_CONVERSION = YES;
				GCC_WARN_ABOUT_RETURN_TYPE = YES_ERROR;
				GCC_WARN_UNDECLARED_SELECTOR = YES;
				GCC_WARN_UNINITIALIZED_AUTOS = YES_AGGRESSIVE;
				GCC_WARN_UNUSED_FUNCTION = YES;
				GCC_WARN_UNUSED_VARIABLE = YES;
				IPHONEOS_DEPLOYMENT_TARGET = 16.1;
				MTL_ENABLE_DEBUG_INFO = INCLUDE_SOURCE;
				MTL_FAST_MATH = YES;
				ONLY_ACTIVE_ARCH = YES;
				SDKROOT = iphoneos;
				SWIFT_ACTIVE_COMPILATION_CONDITIONS = DEBUG;
				SWIFT_OPTIMIZATION_LEVEL = "-Onone";
			};
			name = Debug;
		};
		015FFF7229292B4500CF94B2 /* Release */ = {
			isa = XCBuildConfiguration;
			buildSettings = {
				ALWAYS_SEARCH_USER_PATHS = NO;
				CLANG_ANALYZER_NONNULL = YES;
				CLANG_ANALYZER_NUMBER_OBJECT_CONVERSION = YES_AGGRESSIVE;
				CLANG_CXX_LANGUAGE_STANDARD = "gnu++20";
				CLANG_ENABLE_MODULES = YES;
				CLANG_ENABLE_OBJC_ARC = YES;
				CLANG_ENABLE_OBJC_WEAK = YES;
				CLANG_WARN_BLOCK_CAPTURE_AUTORELEASING = YES;
				CLANG_WARN_BOOL_CONVERSION = YES;
				CLANG_WARN_COMMA = YES;
				CLANG_WARN_CONSTANT_CONVERSION = YES;
				CLANG_WARN_DEPRECATED_OBJC_IMPLEMENTATIONS = YES;
				CLANG_WARN_DIRECT_OBJC_ISA_USAGE = YES_ERROR;
				CLANG_WARN_DOCUMENTATION_COMMENTS = YES;
				CLANG_WARN_EMPTY_BODY = YES;
				CLANG_WARN_ENUM_CONVERSION = YES;
				CLANG_WARN_INFINITE_RECURSION = YES;
				CLANG_WARN_INT_CONVERSION = YES;
				CLANG_WARN_NON_LITERAL_NULL_CONVERSION = YES;
				CLANG_WARN_OBJC_IMPLICIT_RETAIN_SELF = YES;
				CLANG_WARN_OBJC_LITERAL_CONVERSION = YES;
				CLANG_WARN_OBJC_ROOT_CLASS = YES_ERROR;
				CLANG_WARN_QUOTED_INCLUDE_IN_FRAMEWORK_HEADER = YES;
				CLANG_WARN_RANGE_LOOP_ANALYSIS = YES;
				CLANG_WARN_STRICT_PROTOTYPES = YES;
				CLANG_WARN_SUSPICIOUS_MOVE = YES;
				CLANG_WARN_UNGUARDED_AVAILABILITY = YES_AGGRESSIVE;
				CLANG_WARN_UNREACHABLE_CODE = YES;
				CLANG_WARN__DUPLICATE_METHOD_MATCH = YES;
				COPY_PHASE_STRIP = NO;
				DEBUG_INFORMATION_FORMAT = "dwarf-with-dsym";
				ENABLE_NS_ASSERTIONS = NO;
				ENABLE_STRICT_OBJC_MSGSEND = YES;
				GCC_C_LANGUAGE_STANDARD = gnu11;
				GCC_NO_COMMON_BLOCKS = YES;
				GCC_WARN_64_TO_32_BIT_CONVERSION = YES;
				GCC_WARN_ABOUT_RETURN_TYPE = YES_ERROR;
				GCC_WARN_UNDECLARED_SELECTOR = YES;
				GCC_WARN_UNINITIALIZED_AUTOS = YES_AGGRESSIVE;
				GCC_WARN_UNUSED_FUNCTION = YES;
				GCC_WARN_UNUSED_VARIABLE = YES;
				IPHONEOS_DEPLOYMENT_TARGET = 16.1;
				MTL_ENABLE_DEBUG_INFO = NO;
				MTL_FAST_MATH = YES;
				SDKROOT = iphoneos;
				SWIFT_COMPILATION_MODE = wholemodule;
				SWIFT_OPTIMIZATION_LEVEL = "-O";
				VALIDATE_PRODUCT = YES;
			};
			name = Release;
		};
		015FFF7429292B4500CF94B2 /* Debug */ = {
			isa = XCBuildConfiguration;
			buildSettings = {
				ASSETCATALOG_COMPILER_APPICON_NAME = AppIcon;
				ASSETCATALOG_COMPILER_GLOBAL_ACCENT_COLOR_NAME = AccentColor;
				CODE_SIGN_STYLE = Automatic;
				CURRENT_PROJECT_VERSION = 1;
				DEVELOPMENT_ASSET_PATHS = "\"OnTheMap/Preview Content\"";
				DEVELOPMENT_TEAM = WE5F3PU6S8;
				ENABLE_PREVIEWS = YES;
				GENERATE_INFOPLIST_FILE = YES;
				INFOPLIST_KEY_LSApplicationCategoryType = "public.app-category.education";
				INFOPLIST_KEY_UIApplicationSceneManifest_Generation = YES;
				INFOPLIST_KEY_UIApplicationSupportsIndirectInputEvents = YES;
				INFOPLIST_KEY_UILaunchScreen_Generation = YES;
				INFOPLIST_KEY_UISupportedInterfaceOrientations = UIInterfaceOrientationPortrait;
				INFOPLIST_KEY_UISupportedInterfaceOrientations_iPad = "UIInterfaceOrientationLandscapeLeft UIInterfaceOrientationLandscapeRight UIInterfaceOrientationPortrait UIInterfaceOrientationPortraitUpsideDown";
				IPHONEOS_DEPLOYMENT_TARGET = 16.1;
				LD_RUNPATH_SEARCH_PATHS = (
					"$(inherited)",
					"@executable_path/Frameworks",
				);
				MARKETING_VERSION = 1.0;
				PRODUCT_BUNDLE_IDENTIFIER = com.valdal14.OnTheMap;
				PRODUCT_NAME = "$(TARGET_NAME)";
				SUPPORTED_PLATFORMS = "iphoneos iphonesimulator";
				SUPPORTS_MACCATALYST = NO;
				SUPPORTS_MAC_DESIGNED_FOR_IPHONE_IPAD = NO;
				SWIFT_EMIT_LOC_STRINGS = YES;
				SWIFT_VERSION = 5.0;
				TARGETED_DEVICE_FAMILY = 1;
			};
			name = Debug;
		};
		015FFF7529292B4500CF94B2 /* Release */ = {
			isa = XCBuildConfiguration;
			buildSettings = {
				ASSETCATALOG_COMPILER_APPICON_NAME = AppIcon;
				ASSETCATALOG_COMPILER_GLOBAL_ACCENT_COLOR_NAME = AccentColor;
				CODE_SIGN_STYLE = Automatic;
				CURRENT_PROJECT_VERSION = 1;
				DEVELOPMENT_ASSET_PATHS = "\"OnTheMap/Preview Content\"";
				DEVELOPMENT_TEAM = WE5F3PU6S8;
				ENABLE_PREVIEWS = YES;
				GENERATE_INFOPLIST_FILE = YES;
				INFOPLIST_KEY_LSApplicationCategoryType = "public.app-category.education";
				INFOPLIST_KEY_UIApplicationSceneManifest_Generation = YES;
				INFOPLIST_KEY_UIApplicationSupportsIndirectInputEvents = YES;
				INFOPLIST_KEY_UILaunchScreen_Generation = YES;
				INFOPLIST_KEY_UISupportedInterfaceOrientations = UIInterfaceOrientationPortrait;
				INFOPLIST_KEY_UISupportedInterfaceOrientations_iPad = "UIInterfaceOrientationLandscapeLeft UIInterfaceOrientationLandscapeRight UIInterfaceOrientationPortrait UIInterfaceOrientationPortraitUpsideDown";
				IPHONEOS_DEPLOYMENT_TARGET = 16.1;
				LD_RUNPATH_SEARCH_PATHS = (
					"$(inherited)",
					"@executable_path/Frameworks",
				);
				MARKETING_VERSION = 1.0;
				PRODUCT_BUNDLE_IDENTIFIER = com.valdal14.OnTheMap;
				PRODUCT_NAME = "$(TARGET_NAME)";
				SUPPORTED_PLATFORMS = "iphoneos iphonesimulator";
				SUPPORTS_MACCATALYST = NO;
				SUPPORTS_MAC_DESIGNED_FOR_IPHONE_IPAD = NO;
				SWIFT_EMIT_LOC_STRINGS = YES;
				SWIFT_VERSION = 5.0;
				TARGETED_DEVICE_FAMILY = 1;
			};
			name = Release;
		};
/* End XCBuildConfiguration section */

/* Begin XCConfigurationList section */
		015FFF6029292B4500CF94B2 /* Build configuration list for PBXProject "OnTheMap" */ = {
			isa = XCConfigurationList;
			buildConfigurations = (
				015FFF7129292B4500CF94B2 /* Debug */,
				015FFF7229292B4500CF94B2 /* Release */,
			);
			defaultConfigurationIsVisible = 0;
			defaultConfigurationName = Release;
		};
		015FFF7329292B4500CF94B2 /* Build configuration list for PBXNativeTarget "OnTheMap" */ = {
			isa = XCConfigurationList;
			buildConfigurations = (
				015FFF7429292B4500CF94B2 /* Debug */,
				015FFF7529292B4500CF94B2 /* Release */,
			);
			defaultConfigurationIsVisible = 0;
			defaultConfigurationName = Release;
		};
/* End XCConfigurationList section */
	};
	rootObject = 015FFF5D29292B4500CF94B2 /* Project object */;
}
